// !$*UTF8*$!
{
	archiveVersion = 1;
	classes = {
	};
	objectVersion = 46;
	objects = {

/* Begin PBXBuildFile section */
		037EE8E4197C143100D61F1A /* main.swift in Sources */ = {isa = PBXBuildFile; fileRef = 037EE8E3197C143100D61F1A /* main.swift */; };
		037EE8EC197C14A100D61F1A /* memoryLayout.m in Sources */ = {isa = PBXBuildFile; fileRef = 037EE8EB197C14A100D61F1A /* memoryLayout.m */; };
/* End PBXBuildFile section */

/* Begin PBXCopyFilesBuildPhase section */
		037EE8DE197C143000D61F1A /* CopyFiles */ = {
			isa = PBXCopyFilesBuildPhase;
			buildActionMask = 2147483647;
			dstPath = /usr/share/man/man1/;
			dstSubfolderSpec = 0;
			files = (
			);
			runOnlyForDeploymentPostprocessing = 1;
		};
/* End PBXCopyFilesBuildPhase section */

/* Begin PBXFileReference section */
		037EE8E0197C143100D61F1A /* SwiftMemoryLayout */ = {isa = PBXFileReference; explicitFileType = "compiled.mach-o.executable"; includeInIndex = 0; path = SwiftMemoryLayout; sourceTree = BUILT_PRODUCTS_DIR; };
		037EE8E3197C143100D61F1A /* main.swift */ = {isa = PBXFileReference; lastKnownFileType = sourcecode.swift; path = main.swift; sourceTree = "<group>"; };
		037EE8EA197C14A000D61F1A /* SwiftMemoryLayout-Bridging-Header.h */ = {isa = PBXFileReference; lastKnownFileType = sourcecode.c.h; path = "SwiftMemoryLayout-Bridging-Header.h"; sourceTree = "<group>"; };
		037EE8EB197C14A100D61F1A /* memoryLayout.m */ = {isa = PBXFileReference; fileEncoding = 4; lastKnownFileType = sourcecode.c.objc; path = memoryLayout.m; sourceTree = "<group>"; };
/* End PBXFileReference section */

/* Begin PBXFrameworksBuildPhase section */
		037EE8DD197C143000D61F1A /* Frameworks */ = {
			isa = PBXFrameworksBuildPhase;
			buildActionMask = 2147483647;
			files = (
			);
			runOnlyForDeploymentPostprocessing = 0;
		};
/* End PBXFrameworksBuildPhase section */

/* Begin PBXGroup section */
		037EE8D7197C143000D61F1A = {
			isa = PBXGroup;
			children = (
				037EE8E2197C143100D61F1A /* SwiftMemoryLayout */,
				037EE8E1197C143100D61F1A /* Products */,
			);
			sourceTree = "<group>";
		};
		037EE8E1197C143100D61F1A /* Products */ = {
			isa = PBXGroup;
			children = (
				037EE8E0197C143100D61F1A /* SwiftMemoryLayout */,
			);
			name = Products;
			sourceTree = "<group>";
		};
		037EE8E2197C143100D61F1A /* SwiftMemoryLayout */ = {
			isa = PBXGroup;
			children = (
				037EE8E3197C143100D61F1A /* main.swift */,
				037EE8EB197C14A100D61F1A /* memoryLayout.m */,
				037EE8EA197C14A000D61F1A /* SwiftMemoryLayout-Bridging-Header.h */,
			);
			path = SwiftMemoryLayout;
			sourceTree = "<group>";
		};
/* End PBXGroup section */

/* Begin PBXNativeTarget section */
		037EE8DF197C143000D61F1A /* SwiftMemoryLayout */ = {
			isa = PBXNativeTarget;
			buildConfigurationList = 037EE8E7197C143100D61F1A /* Build configuration list for PBXNativeTarget "SwiftMemoryLayout" */;
			buildPhases = (
				037EE8DC197C143000D61F1A /* Sources */,
				037EE8DD197C143000D61F1A /* Frameworks */,
				037EE8DE197C143000D61F1A /* CopyFiles */,
			);
			buildRules = (
			);
			dependencies = (
			);
			name = SwiftMemoryLayout;
			productName = SwiftMemoryLayout;
			productReference = 037EE8E0197C143100D61F1A /* SwiftMemoryLayout */;
			productType = "com.apple.product-type.tool";
		};
/* End PBXNativeTarget section */

/* Begin PBXProject section */
		037EE8D8197C143000D61F1A /* Project object */ = {
			isa = PBXProject;
			attributes = {
				LastUpgradeCheck = 0600;
				ORGANIZATIONNAME = "Nico Schmidt";
				TargetAttributes = {
					037EE8DF197C143000D61F1A = {
						CreatedOnToolsVersion = 6.0;
					};
				};
			};
			buildConfigurationList = 037EE8DB197C143000D61F1A /* Build configuration list for PBXProject "SwiftMemoryLayout" */;
			compatibilityVersion = "Xcode 3.2";
			developmentRegion = English;
			hasScannedForEncodings = 0;
			knownRegions = (
				en,
			);
			mainGroup = 037EE8D7197C143000D61F1A;
			productRefGroup = 037EE8E1197C143100D61F1A /* Products */;
			projectDirPath = "";
			projectRoot = "";
			targets = (
				037EE8DF197C143000D61F1A /* SwiftMemoryLayout */,
			);
		};
/* End PBXProject section */

/* Begin PBXSourcesBuildPhase section */
		037EE8DC197C143000D61F1A /* Sources */ = {
			isa = PBXSourcesBuildPhase;
			buildActionMask = 2147483647;
			files = (
				037EE8EC197C14A100D61F1A /* memoryLayout.m in Sources */,
				037EE8E4197C143100D61F1A /* main.swift in Sources */,
			);
			runOnlyForDeploymentPostprocessing = 0;
		};
/* End PBXSourcesBuildPhase section */

/* Begin XCBuildConfiguration section */
		037EE8E5197C143100D61F1A /* Debug */ = {
			isa = XCBuildConfiguration;
			buildSettings = {
				ALWAYS_SEARCH_USER_PATHS = NO;
				CLANG_CXX_LANGUAGE_STANDARD = "gnu++0x";
				CLANG_CXX_LIBRARY = "libc++";
				CLANG_ENABLE_MODULES = YES;
				CLANG_ENABLE_OBJC_ARC = YES;
				CLANG_WARN_BOOL_CONVERSION = YES;
				CLANG_WARN_CONSTANT_CONVERSION = YES;
				CLANG_WARN_DIRECT_OBJC_ISA_USAGE = YES_ERROR;
				CLANG_WARN_EMPTY_BODY = YES;
				CLANG_WARN_ENUM_CONVERSION = YES;
				CLANG_WARN_INT_CONVERSION = YES;
				CLANG_WARN_OBJC_ROOT_CLASS = YES_ERROR;
				CLANG_WARN_UNREACHABLE_CODE = YES;
				CLANG_WARN__DUPLICATE_METHOD_MATCH = YES;
				COPY_PHASE_STRIP = NO;
				ENABLE_STRICT_OBJC_MSGSEND = YES;
				GCC_C_LANGUAGE_STANDARD = gnu99;
				GCC_DYNAMIC_NO_PIC = NO;
				GCC_OPTIMIZATION_LEVEL = 0;
				GCC_PREPROCESSOR_DEFINITIONS = (
					"DEBUG=1",
					"$(inherited)",
				);
				GCC_SYMBOLS_PRIVATE_EXTERN = NO;
				GCC_WARN_64_TO_32_BIT_CONVERSION = YES;
				GCC_WARN_ABOUT_RETURN_TYPE = YES_ERROR;
				GCC_WARN_UNDECLARED_SELECTOR = YES;
				GCC_WARN_UNINITIALIZED_AUTOS = YES_AGGRESSIVE;
				GCC_WARN_UNUSED_FUNCTION = YES;
				GCC_WARN_UNUSED_VARIABLE = YES;
				MACOSX_DEPLOYMENT_TARGET = 10.9;
				MTL_ENABLE_DEBUG_INFO = YES;
				ONLY_ACTIVE_ARCH = YES;
				SDKROOT = macosx;
				SWIFT_OPTIMIZATION_LEVEL = "-Onone";
			};
			name = Debug;
		};
		037EE8E6197C143100D61F1A /* Release */ = {
			isa = XCBuildConfiguration;
			buildSettings = {
				ALWAYS_SEARCH_USER_PATHS = NO;
				CLANG_CXX_LANGUAGE_STANDARD = "gnu++0x";
				CLANG_CXX_LIBRARY = "libc++";
				CLANG_ENABLE_MODULES = YES;
				CLANG_ENABLE_OBJC_ARC = YES;
				CLANG_WARN_BOOL_CONVERSION = YES;
				CLANG_WARN_CONSTANT_CONVERSION = YES;
				CLANG_WARN_DIRECT_OBJC_ISA_USAGE = YES_ERROR;
				CLANG_WARN_EMPTY_BODY = YES;
				CLANG_WARN_ENUM_CONVERSION = YES;
				CLANG_WARN_INT_CONVERSION = YES;
				CLANG_WARN_OBJC_ROOT_CLASS = YES_ERROR;
				CLANG_WARN_UNREACHABLE_CODE = YES;
				CLANG_WARN__DUPLICATE_METHOD_MATCH = YES;
				COPY_PHASE_STRIP = YES;
				DEBUG_INFORMATION_FORMAT = "dwarf-with-dsym";
				ENABLE_NS_ASSERTIONS = NO;
				ENABLE_STRICT_OBJC_MSGSEND = YES;
				GCC_C_LANGUAGE_STANDARD = gnu99;
				GCC_WARN_64_TO_32_BIT_CONVERSION = YES;
				GCC_WARN_ABOUT_RETURN_TYPE = YES_ERROR;
				GCC_WARN_UNDECLARED_SELECTOR = YES;
				GCC_WARN_UNINITIALIZED_AUTOS = YES_AGGRESSIVE;
				GCC_WARN_UNUSED_FUNCTION = YES;
				GCC_WARN_UNUSED_VARIABLE = YES;
				MACOSX_DEPLOYMENT_TARGET = 10.9;
				MTL_ENABLE_DEBUG_INFO = NO;
				SDKROOT = macosx;
			};
			name = Release;
		};
		037EE8E8197C143100D61F1A /* Debug */ = {
			isa = XCBuildConfiguration;
			buildSettings = {
				CLANG_ENABLE_MODULES = YES;
				LD_RUNPATH_SEARCH_PATHS = "$(inherited) @executable_path/../Frameworks @loader_path/../Frameworks";
				PRODUCT_NAME = "$(TARGET_NAME)";
				SWIFT_OBJC_BRIDGING_HEADER = "SwiftMemoryLayout/SwiftMemoryLayout-Bridging-Header.h";
				SWIFT_OPTIMIZATION_LEVEL = "-Onone";
			};
			name = Debug;
		};
		037EE8E9197C143100D61F1A /* Release */ = {
			isa = XCBuildConfiguration;
			buildSettings = {
				CLANG_ENABLE_MODULES = YES;
				LD_RUNPATH_SEARCH_PATHS = "$(inherited) @executable_path/../Frameworks @loader_path/../Frameworks";
				PRODUCT_NAME = "$(TARGET_NAME)";
				SWIFT_OBJC_BRIDGING_HEADER = "SwiftMemoryLayout/SwiftMemoryLayout-Bridging-Header.h";
			};
			name = Release;
		};
/* End XCBuildConfiguration section */

/* Begin XCConfigurationList section */
		037EE8DB197C143000D61F1A /* Build configuration list for PBXProject "SwiftMemoryLayout" */ = {
			isa = XCConfigurationList;
			buildConfigurations = (
				037EE8E5197C143100D61F1A /* Debug */,
				037EE8E6197C143100D61F1A /* Release */,
			);
			defaultConfigurationIsVisible = 0;
			defaultConfigurationName = Release;
		};
		037EE8E7197C143100D61F1A /* Build configuration list for PBXNativeTarget "SwiftMemoryLayout" */ = {
			isa = XCConfigurationList;
			buildConfigurations = (
				037EE8E8197C143100D61F1A /* Debug */,
				037EE8E9197C143100D61F1A /* Release */,
			);
			defaultConfigurationIsVisible = 0;
		};
/* End XCConfigurationList section */
	};
	rootObject = 037EE8D8197C143000D61F1A /* Project object */;
}
